// !$*UTF8*$!
{
	archiveVersion = 1;
	classes = {
	};
	objectVersion = 56;
	objects = {

/* Begin PBXBuildFile section */
		E409EC5128F3BBD400AE267E /* Lesson11.swift in Sources */ = {isa = PBXBuildFile; fileRef = E409EC5028F3BBD400AE267E /* Lesson11.swift */; };
		E46A0FE228E7563900C9434A /* CodeWithChris14ChallengeApp.swift in Sources */ = {isa = PBXBuildFile; fileRef = E46A0FE128E7563900C9434A /* CodeWithChris14ChallengeApp.swift */; };
		E46A0FE428E7563900C9434A /* ContentView.swift in Sources */ = {isa = PBXBuildFile; fileRef = E46A0FE328E7563900C9434A /* ContentView.swift */; };
		E46A0FE628E7563A00C9434A /* Assets.xcassets in Resources */ = {isa = PBXBuildFile; fileRef = E46A0FE528E7563A00C9434A /* Assets.xcassets */; };
		E46A0FE928E7563A00C9434A /* Preview Assets.xcassets in Resources */ = {isa = PBXBuildFile; fileRef = E46A0FE828E7563A00C9434A /* Preview Assets.xcassets */; };
		E493E30E28E9037E00278B47 /* Lesson4.swift in Sources */ = {isa = PBXBuildFile; fileRef = E493E30D28E9037E00278B47 /* Lesson4.swift */; };
		E493E31028E9088C00278B47 /* Lesson5.swift in Sources */ = {isa = PBXBuildFile; fileRef = E493E30F28E9088C00278B47 /* Lesson5.swift */; };
		E4B09A3E28F5178D006C234F /* Lesson12.swift in Sources */ = {isa = PBXBuildFile; fileRef = E4B09A3D28F5178D006C234F /* Lesson12.swift */; };
		E4B09A4028F527C4006C234F /* Lesson13.swift in Sources */ = {isa = PBXBuildFile; fileRef = E4B09A3F28F527C4006C234F /* Lesson13.swift */; };
/* End PBXBuildFile section */

/* Begin PBXFileReference section */
		E409EC5028F3BBD400AE267E /* Lesson11.swift */ = {isa = PBXFileReference; lastKnownFileType = sourcecode.swift; path = Lesson11.swift; sourceTree = "<group>"; };
		E46A0FDE28E7563900C9434A /* CodeWithChris14Challenge.app */ = {isa = PBXFileReference; explicitFileType = wrapper.application; includeInIndex = 0; path = CodeWithChris14Challenge.app; sourceTree = BUILT_PRODUCTS_DIR; };
		E46A0FE128E7563900C9434A /* CodeWithChris14ChallengeApp.swift */ = {isa = PBXFileReference; lastKnownFileType = sourcecode.swift; path = CodeWithChris14ChallengeApp.swift; sourceTree = "<group>"; };
		E46A0FE328E7563900C9434A /* ContentView.swift */ = {isa = PBXFileReference; lastKnownFileType = sourcecode.swift; path = ContentView.swift; sourceTree = "<group>"; };
		E46A0FE528E7563A00C9434A /* Assets.xcassets */ = {isa = PBXFileReference; lastKnownFileType = folder.assetcatalog; path = Assets.xcassets; sourceTree = "<group>"; };
		E46A0FE828E7563A00C9434A /* Preview Assets.xcassets */ = {isa = PBXFileReference; lastKnownFileType = folder.assetcatalog; path = "Preview Assets.xcassets"; sourceTree = "<group>"; };
		E493E30D28E9037E00278B47 /* Lesson4.swift */ = {isa = PBXFileReference; lastKnownFileType = sourcecode.swift; path = Lesson4.swift; sourceTree = "<group>"; };
		E493E30F28E9088C00278B47 /* Lesson5.swift */ = {isa = PBXFileReference; lastKnownFileType = sourcecode.swift; path = Lesson5.swift; sourceTree = "<group>"; };
		E4B09A3D28F5178D006C234F /* Lesson12.swift */ = {isa = PBXFileReference; lastKnownFileType = sourcecode.swift; path = Lesson12.swift; sourceTree = "<group>"; };
		E4B09A3F28F527C4006C234F /* Lesson13.swift */ = {isa = PBXFileReference; lastKnownFileType = sourcecode.swift; path = Lesson13.swift; sourceTree = "<group>"; };
/* End PBXFileReference section */

/* Begin PBXFrameworksBuildPhase section */
		E46A0FDB28E7563900C9434A /* Frameworks */ = {
			isa = PBXFrameworksBuildPhase;
			buildActionMask = 2147483647;
			files = (
			);
			runOnlyForDeploymentPostprocessing = 0;
		};
/* End PBXFrameworksBuildPhase section */

/* Begin PBXGroup section */
		E46A0FD528E7563900C9434A = {
			isa = PBXGroup;
			children = (
				E46A0FE028E7563900C9434A /* CodeWithChris14Challenge */,
				E46A0FDF28E7563900C9434A /* Products */,
			);
			sourceTree = "<group>";
		};
		E46A0FDF28E7563900C9434A /* Products */ = {
			isa = PBXGroup;
			children = (
				E46A0FDE28E7563900C9434A /* CodeWithChris14Challenge.app */,
			);
			name = Products;
			sourceTree = "<group>";
		};
		E46A0FE028E7563900C9434A /* CodeWithChris14Challenge */ = {
			isa = PBXGroup;
			children = (
				E46A0FE128E7563900C9434A /* CodeWithChris14ChallengeApp.swift */,
				E46A0FE328E7563900C9434A /* ContentView.swift */,
				E493E30D28E9037E00278B47 /* Lesson4.swift */,
				E493E30F28E9088C00278B47 /* Lesson5.swift */,
				E409EC5028F3BBD400AE267E /* Lesson11.swift */,
				E4B09A3D28F5178D006C234F /* Lesson12.swift */,
				E4B09A3F28F527C4006C234F /* Lesson13.swift */,
				E46A0FE528E7563A00C9434A /* Assets.xcassets */,
				E46A0FE728E7563A00C9434A /* Preview Content */,
			);
			path = CodeWithChris14Challenge;
			sourceTree = "<group>";
		};
		E46A0FE728E7563A00C9434A /* Preview Content */ = {
			isa = PBXGroup;
			children = (
				E46A0FE828E7563A00C9434A /* Preview Assets.xcassets */,
			);
			path = "Preview Content";
			sourceTree = "<group>";
		};
/* End PBXGroup section */

/* Begin PBXNativeTarget section */
		E46A0FDD28E7563900C9434A /* CodeWithChris14Challenge */ = {
			isa = PBXNativeTarget;
			buildConfigurationList = E46A0FEC28E7563A00C9434A /* Build configuration list for PBXNativeTarget "CodeWithChris14Challenge" */;
			buildPhases = (
				E46A0FDA28E7563900C9434A /* Sources */,
				E46A0FDB28E7563900C9434A /* Frameworks */,
				E46A0FDC28E7563900C9434A /* Resources */,
			);
			buildRules = (
			);
			dependencies = (
			);
			name = CodeWithChris14Challenge;
			productName = CodeWithChris14Challenge;
			productReference = E46A0FDE28E7563900C9434A /* CodeWithChris14Challenge.app */;
			productType = "com.apple.product-type.application";
		};
/* End PBXNativeTarget section */

/* Begin PBXProject section */
		E46A0FD628E7563900C9434A /* Project object */ = {
			isa = PBXProject;
			attributes = {
				BuildIndependentTargetsInParallel = 1;
				LastSwiftUpdateCheck = 1410;
				LastUpgradeCheck = 1410;
				TargetAttributes = {
					E46A0FDD28E7563900C9434A = {
						CreatedOnToolsVersion = 14.1;
					};
				};
			};
			buildConfigurationList = E46A0FD928E7563900C9434A /* Build configuration list for PBXProject "CodeWithChris14Challenge" */;
			compatibilityVersion = "Xcode 14.0";
			developmentRegion = en;
			hasScannedForEncodings = 0;
			knownRegions = (
				en,
				Base,
			);
			mainGroup = E46A0FD528E7563900C9434A;
			productRefGroup = E46A0FDF28E7563900C9434A /* Products */;
			projectDirPath = "";
			projectRoot = "";
			targets = (
				E46A0FDD28E7563900C9434A /* CodeWithChris14Challenge */,
			);
		};
/* End PBXProject section */

/* Begin PBXResourcesBuildPhase section */
		E46A0FDC28E7563900C9434A /* Resources */ = {
			isa = PBXResourcesBuildPhase;
			buildActionMask = 2147483647;
			files = (
				E46A0FE928E7563A00C9434A /* Preview Assets.xcassets in Resources */,
				E46A0FE628E7563A00C9434A /* Assets.xcassets in Resources */,
			);
			runOnlyForDeploymentPostprocessing = 0;
		};
/* End PBXResourcesBuildPhase section */

/* Begin PBXSourcesBuildPhase section */
		E46A0FDA28E7563900C9434A /* Sources */ = {
			isa = PBXSourcesBuildPhase;
			buildActionMask = 2147483647;
			files = (
				E4B09A3E28F5178D006C234F /* Lesson12.swift in Sources */,
				E493E30E28E9037E00278B47 /* Lesson4.swift in Sources */,
				E4B09A4028F527C4006C234F /* Lesson13.swift in Sources */,
				E493E31028E9088C00278B47 /* Lesson5.swift in Sources */,
				E409EC5128F3BBD400AE267E /* Lesson11.swift in Sources */,
				E46A0FE428E7563900C9434A /* ContentView.swift in Sources */,
				E46A0FE228E7563900C9434A /* CodeWithChris14ChallengeApp.swift in Sources */,
			);
			runOnlyForDeploymentPostprocessing = 0;
		};
/* End PBXSourcesBuildPhase section */

/* Begin XCBuildConfiguration section */
		E46A0FEA28E7563A00C9434A /* Debug */ = {
			isa = XCBuildConfiguration;
			buildSettings = {
				ALWAYS_SEARCH_USER_PATHS = NO;
				CLANG_ANALYZER_NONNULL = YES;
				CLANG_ANALYZER_NUMBER_OBJECT_CONVERSION = YES_AGGRESSIVE;
				CLANG_CXX_LANGUAGE_STANDARD = "gnu++20";
				CLANG_ENABLE_MODULES = YES;
				CLANG_ENABLE_OBJC_ARC = YES;
				CLANG_ENABLE_OBJC_WEAK = YES;
				CLANG_WARN_BLOCK_CAPTURE_AUTORELEASING = YES;
				CLANG_WARN_BOOL_CONVERSION = YES;
				CLANG_WARN_COMMA = YES;
				CLANG_WARN_CONSTANT_CONVERSION = YES;
				CLANG_WARN_DEPRECATED_OBJC_IMPLEMENTATIONS = YES;
				CLANG_WARN_DIRECT_OBJC_ISA_USAGE = YES_ERROR;
				CLANG_WARN_DOCUMENTATION_COMMENTS = YES;
				CLANG_WARN_EMPTY_BODY = YES;
				CLANG_WARN_ENUM_CONVERSION = YES;
				CLANG_WARN_INFINITE_RECURSION = YES;
				CLANG_WARN_INT_CONVERSION = YES;
				CLANG_WARN_NON_LITERAL_NULL_CONVERSION = YES;
				CLANG_WARN_OBJC_IMPLICIT_RETAIN_SELF = YES;
				CLANG_WARN_OBJC_LITERAL_CONVERSION = YES;
				CLANG_WARN_OBJC_ROOT_CLASS = YES_ERROR;
				CLANG_WARN_QUOTED_INCLUDE_IN_FRAMEWORK_HEADER = YES;
				CLANG_WARN_RANGE_LOOP_ANALYSIS = YES;
				CLANG_WARN_STRICT_PROTOTYPES = YES;
				CLANG_WARN_SUSPICIOUS_MOVE = YES;
				CLANG_WARN_UNGUARDED_AVAILABILITY = YES_AGGRESSIVE;
				CLANG_WARN_UNREACHABLE_CODE = YES;
				CLANG_WARN__DUPLICATE_METHOD_MATCH = YES;
				COPY_PHASE_STRIP = NO;
				DEBUG_INFORMATION_FORMAT = dwarf;
				ENABLE_STRICT_OBJC_MSGSEND = YES;
				ENABLE_TESTABILITY = YES;
				GCC_C_LANGUAGE_STANDARD = gnu11;
				GCC_DYNAMIC_NO_PIC = NO;
				GCC_NO_COMMON_BLOCKS = YES;
				GCC_OPTIMIZATION_LEVEL = 0;
				GCC_PREPROCESSOR_DEFINITIONS = (
					"DEBUG=1",
					"$(inherited)",
				);
				GCC_WARN_64_TO_32_BIT_CONVERSION = YES;
				GCC_WARN_ABOUT_RETURN_TYPE = YES_ERROR;
				GCC_WARN_UNDECLARED_SELECTOR = YES;
				GCC_WARN_UNINITIALIZED_AUTOS = YES_AGGRESSIVE;
				GCC_WARN_UNUSED_FUNCTION = YES;
				GCC_WARN_UNUSED_VARIABLE = YES;
				IPHONEOS_DEPLOYMENT_TARGET = 16.1;
				MTL_ENABLE_DEBUG_INFO = INCLUDE_SOURCE;
				MTL_FAST_MATH = YES;
				ONLY_ACTIVE_ARCH = YES;
				SDKROOT = iphoneos;
				SWIFT_ACTIVE_COMPILATION_CONDITIONS = DEBUG;
				SWIFT_OPTIMIZATION_LEVEL = "-Onone";
			};
			name = Debug;
		};
		E46A0FEB28E7563A00C9434A /* Release */ = {
			isa = XCBuildConfiguration;
			buildSettings = {
				ALWAYS_SEARCH_USER_PATHS = NO;
				CLANG_ANALYZER_NONNULL = YES;
				CLANG_ANALYZER_NUMBER_OBJECT_CONVERSION = YES_AGGRESSIVE;
				CLANG_CXX_LANGUAGE_STANDARD = "gnu++20";
				CLANG_ENABLE_MODULES = YES;
				CLANG_ENABLE_OBJC_ARC = YES;
				CLANG_ENABLE_OBJC_WEAK = YES;
				CLANG_WARN_BLOCK_CAPTURE_AUTORELEASING = YES;
				CLANG_WARN_BOOL_CONVERSION = YES;
				CLANG_WARN_COMMA = YES;
				CLANG_WARN_CONSTANT_CONVERSION = YES;
				CLANG_WARN_DEPRECATED_OBJC_IMPLEMENTATIONS = YES;
				CLANG_WARN_DIRECT_OBJC_ISA_USAGE = YES_ERROR;
				CLANG_WARN_DOCUMENTATION_COMMENTS = YES;
				CLANG_WARN_EMPTY_BODY = YES;
				CLANG_WARN_ENUM_CONVERSION = YES;
				CLANG_WARN_INFINITE_RECURSION = YES;
				CLANG_WARN_INT_CONVERSION = YES;
				CLANG_WARN_NON_LITERAL_NULL_CONVERSION = YES;
				CLANG_WARN_OBJC_IMPLICIT_RETAIN_SELF = YES;
				CLANG_WARN_OBJC_LITERAL_CONVERSION = YES;
				CLANG_WARN_OBJC_ROOT_CLASS = YES_ERROR;
				CLANG_WARN_QUOTED_INCLUDE_IN_FRAMEWORK_HEADER = YES;
				CLANG_WARN_RANGE_LOOP_ANALYSIS = YES;
				CLANG_WARN_STRICT_PROTOTYPES = YES;
				CLANG_WARN_SUSPICIOUS_MOVE = YES;
				CLANG_WARN_UNGUARDED_AVAILABILITY = YES_AGGRESSIVE;
				CLANG_WARN_UNREACHABLE_CODE = YES;
				CLANG_WARN__DUPLICATE_METHOD_MATCH = YES;
				COPY_PHASE_STRIP = NO;
				DEBUG_INFORMATION_FORMAT = "dwarf-with-dsym";
				ENABLE_NS_ASSERTIONS = NO;
				ENABLE_STRICT_OBJC_MSGSEND = YES;
				GCC_C_LANGUAGE_STANDARD = gnu11;
				GCC_NO_COMMON_BLOCKS = YES;
				GCC_WARN_64_TO_32_BIT_CONVERSION = YES;
				GCC_WARN_ABOUT_RETURN_TYPE = YES_ERROR;
				GCC_WARN_UNDECLARED_SELECTOR = YES;
				GCC_WARN_UNINITIALIZED_AUTOS = YES_AGGRESSIVE;
				GCC_WARN_UNUSED_FUNCTION = YES;
				GCC_WARN_UNUSED_VARIABLE = YES;
				IPHONEOS_DEPLOYMENT_TARGET = 16.1;
				MTL_ENABLE_DEBUG_INFO = NO;
				MTL_FAST_MATH = YES;
				SDKROOT = iphoneos;
				SWIFT_COMPILATION_MODE = wholemodule;
				SWIFT_OPTIMIZATION_LEVEL = "-O";
				VALIDATE_PRODUCT = YES;
			};
			name = Release;
		};
		E46A0FED28E7563A00C9434A /* Debug */ = {
			isa = XCBuildConfiguration;
			buildSettings = {
				ASSETCATALOG_COMPILER_APPICON_NAME = AppIcon;
				ASSETCATALOG_COMPILER_GLOBAL_ACCENT_COLOR_NAME = AccentColor;
				CODE_SIGN_STYLE = Automatic;
				CURRENT_PROJECT_VERSION = 1;
				DEVELOPMENT_ASSET_PATHS = "\"CodeWithChris14Challenge/Preview Content\"";
				DEVELOPMENT_TEAM = 4P4GQMB6S7;
				ENABLE_PREVIEWS = YES;
				GENERATE_INFOPLIST_FILE = YES;
				INFOPLIST_KEY_UIApplicationSceneManifest_Generation = YES;
				INFOPLIST_KEY_UIApplicationSupportsIndirectInputEvents = YES;
				INFOPLIST_KEY_UILaunchScreen_Generation = YES;
				INFOPLIST_KEY_UISupportedInterfaceOrientations_iPad = "UIInterfaceOrientationPortrait UIInterfaceOrientationPortraitUpsideDown UIInterfaceOrientationLandscapeLeft UIInterfaceOrientationLandscapeRight";
				INFOPLIST_KEY_UISupportedInterfaceOrientations_iPhone = "UIInterfaceOrientationPortrait UIInterfaceOrientationLandscapeLeft UIInterfaceOrientationLandscapeRight";
				LD_RUNPATH_SEARCH_PATHS = (
					"$(inherited)",
					"@executable_path/Frameworks",
				);
				MARKETING_VERSION = 1.0;
				PRODUCT_BUNDLE_IDENTIFIER = mj.CodeWithChris14Challenge;
				PRODUCT_NAME = "$(TARGET_NAME)";
				SWIFT_EMIT_LOC_STRINGS = YES;
				SWIFT_VERSION = 5.0;
				TARGETED_DEVICE_FAMILY = "1,2";
			};
			name = Debug;
		};
		E46A0FEE28E7563A00C9434A /* Release */ = {
			isa = XCBuildConfiguration;
			buildSettings = {
				ASSETCATALOG_COMPILER_APPICON_NAME = AppIcon;
				ASSETCATALOG_COMPILER_GLOBAL_ACCENT_COLOR_NAME = AccentColor;
				CODE_SIGN_STYLE = Automatic;
				CURRENT_PROJECT_VERSION = 1;
				DEVELOPMENT_ASSET_PATHS = "\"CodeWithChris14Challenge/Preview Content\"";
				DEVELOPMENT_TEAM = 4P4GQMB6S7;
				ENABLE_PREVIEWS = YES;
				GENERATE_INFOPLIST_FILE = YES;
				INFOPLIST_KEY_UIApplicationSceneManifest_Generation = YES;
				INFOPLIST_KEY_UIApplicationSupportsIndirectInputEvents = YES;
				INFOPLIST_KEY_UILaunchScreen_Generation = YES;
				INFOPLIST_KEY_UISupportedInterfaceOrientations_iPad = "UIInterfaceOrientationPortrait UIInterfaceOrientationPortraitUpsideDown UIInterfaceOrientationLandscapeLeft UIInterfaceOrientationLandscapeRight";
				INFOPLIST_KEY_UISupportedInterfaceOrientations_iPhone = "UIInterfaceOrientationPortrait UIInterfaceOrientationLandscapeLeft UIInterfaceOrientationLandscapeRight";
				LD_RUNPATH_SEARCH_PATHS = (
					"$(inherited)",
					"@executable_path/Frameworks",
				);
				MARKETING_VERSION = 1.0;
				PRODUCT_BUNDLE_IDENTIFIER = mj.CodeWithChris14Challenge;
				PRODUCT_NAME = "$(TARGET_NAME)";
				SWIFT_EMIT_LOC_STRINGS = YES;
				SWIFT_VERSION = 5.0;
				TARGETED_DEVICE_FAMILY = "1,2";
			};
			name = Release;
		};
/* End XCBuildConfiguration section */

/* Begin XCConfigurationList section */
		E46A0FD928E7563900C9434A /* Build configuration list for PBXProject "CodeWithChris14Challenge" */ = {
			isa = XCConfigurationList;
			buildConfigurations = (
				E46A0FEA28E7563A00C9434A /* Debug */,
				E46A0FEB28E7563A00C9434A /* Release */,
			);
			defaultConfigurationIsVisible = 0;
			defaultConfigurationName = Release;
		};
		E46A0FEC28E7563A00C9434A /* Build configuration list for PBXNativeTarget "CodeWithChris14Challenge" */ = {
			isa = XCConfigurationList;
			buildConfigurations = (
				E46A0FED28E7563A00C9434A /* Debug */,
				E46A0FEE28E7563A00C9434A /* Release */,
			);
			defaultConfigurationIsVisible = 0;
			defaultConfigurationName = Release;
		};
/* End XCConfigurationList section */
	};
	rootObject = E46A0FD628E7563900C9434A /* Project object */;
}
